// !$*UTF8*$!
{
	archiveVersion = 1;
	classes = {
	};
	objectVersion = 50;
	objects = {

/* Begin PBXBuildFile section */
		A077FB56207920040081EA1E /* AppDelegate.swift in Sources */ = {isa = PBXBuildFile; fileRef = A077FB55207920040081EA1E /* AppDelegate.swift */; };
		A077FB58207920040081EA1E /* LoginViewController.swift in Sources */ = {isa = PBXBuildFile; fileRef = A077FB57207920040081EA1E /* LoginViewController.swift */; };
		A077FB5B207920040081EA1E /* Main.storyboard in Resources */ = {isa = PBXBuildFile; fileRef = A077FB59207920040081EA1E /* Main.storyboard */; };
		A077FB5D207920050081EA1E /* Assets.xcassets in Resources */ = {isa = PBXBuildFile; fileRef = A077FB5C207920050081EA1E /* Assets.xcassets */; };
		A077FB60207920050081EA1E /* LaunchScreen.storyboard in Resources */ = {isa = PBXBuildFile; fileRef = A077FB5E207920050081EA1E /* LaunchScreen.storyboard */; };
		A077FB68207923BD0081EA1E /* HomeViewController.swift in Sources */ = {isa = PBXBuildFile; fileRef = A077FB67207923BD0081EA1E /* HomeViewController.swift */; };
		A077FB6B207924E80081EA1E /* CadastroViewController.swift in Sources */ = {isa = PBXBuildFile; fileRef = A077FB6A207924E80081EA1E /* CadastroViewController.swift */; };
		A077FB6D20792AB80081EA1E /* QrViewController.swift in Sources */ = {isa = PBXBuildFile; fileRef = A077FB6C20792AB70081EA1E /* QrViewController.swift */; };
		A077FB6F20792AC90081EA1E /* FichaViewController.swift in Sources */ = {isa = PBXBuildFile; fileRef = A077FB6E20792AC90081EA1E /* FichaViewController.swift */; };
		A077FB7120792ADC0081EA1E /* PerfilViewController.swift in Sources */ = {isa = PBXBuildFile; fileRef = A077FB7020792ADC0081EA1E /* PerfilViewController.swift */; };
		A077FB7320792AEA0081EA1E /* GastosViewController.swift in Sources */ = {isa = PBXBuildFile; fileRef = A077FB7220792AEA0081EA1E /* GastosViewController.swift */; };
		A077FB7520792AFA0081EA1E /* CardapioViewController.swift in Sources */ = {isa = PBXBuildFile; fileRef = A077FB7420792AFA0081EA1E /* CardapioViewController.swift */; };
		A077FB7720792B030081EA1E /* PratoViewController.swift in Sources */ = {isa = PBXBuildFile; fileRef = A077FB7620792B030081EA1E /* PratoViewController.swift */; };
/* End PBXBuildFile section */

/* Begin PBXFileReference section */
		A077FB52207920040081EA1E /* Rango.app */ = {isa = PBXFileReference; explicitFileType = wrapper.application; includeInIndex = 0; path = Rango.app; sourceTree = BUILT_PRODUCTS_DIR; };
		A077FB55207920040081EA1E /* AppDelegate.swift */ = {isa = PBXFileReference; lastKnownFileType = sourcecode.swift; path = AppDelegate.swift; sourceTree = "<group>"; };
		A077FB57207920040081EA1E /* LoginViewController.swift */ = {isa = PBXFileReference; lastKnownFileType = sourcecode.swift; path = LoginViewController.swift; sourceTree = "<group>"; };
		A077FB5A207920040081EA1E /* Base */ = {isa = PBXFileReference; lastKnownFileType = file.storyboard; name = Base; path = Base.lproj/Main.storyboard; sourceTree = "<group>"; };
		A077FB5C207920050081EA1E /* Assets.xcassets */ = {isa = PBXFileReference; lastKnownFileType = folder.assetcatalog; path = Assets.xcassets; sourceTree = "<group>"; };
		A077FB5F207920050081EA1E /* Base */ = {isa = PBXFileReference; lastKnownFileType = file.storyboard; name = Base; path = Base.lproj/LaunchScreen.storyboard; sourceTree = "<group>"; };
		A077FB61207920050081EA1E /* Info.plist */ = {isa = PBXFileReference; lastKnownFileType = text.plist.xml; path = Info.plist; sourceTree = "<group>"; };
		A077FB67207923BD0081EA1E /* HomeViewController.swift */ = {isa = PBXFileReference; lastKnownFileType = sourcecode.swift; path = HomeViewController.swift; sourceTree = "<group>"; };
		A077FB6A207924E80081EA1E /* CadastroViewController.swift */ = {isa = PBXFileReference; lastKnownFileType = sourcecode.swift; path = CadastroViewController.swift; sourceTree = "<group>"; };
		A077FB6C20792AB70081EA1E /* QrViewController.swift */ = {isa = PBXFileReference; lastKnownFileType = sourcecode.swift; path = QrViewController.swift; sourceTree = "<group>"; };
		A077FB6E20792AC90081EA1E /* FichaViewController.swift */ = {isa = PBXFileReference; lastKnownFileType = sourcecode.swift; path = FichaViewController.swift; sourceTree = "<group>"; };
		A077FB7020792ADC0081EA1E /* PerfilViewController.swift */ = {isa = PBXFileReference; lastKnownFileType = sourcecode.swift; path = PerfilViewController.swift; sourceTree = "<group>"; };
		A077FB7220792AEA0081EA1E /* GastosViewController.swift */ = {isa = PBXFileReference; lastKnownFileType = sourcecode.swift; path = GastosViewController.swift; sourceTree = "<group>"; };
		A077FB7420792AFA0081EA1E /* CardapioViewController.swift */ = {isa = PBXFileReference; lastKnownFileType = sourcecode.swift; path = CardapioViewController.swift; sourceTree = "<group>"; };
		A077FB7620792B030081EA1E /* PratoViewController.swift */ = {isa = PBXFileReference; lastKnownFileType = sourcecode.swift; path = PratoViewController.swift; sourceTree = "<group>"; };
/* End PBXFileReference section */

/* Begin PBXFrameworksBuildPhase section */
		A077FB4F207920040081EA1E /* Frameworks */ = {
			isa = PBXFrameworksBuildPhase;
			buildActionMask = 2147483647;
			files = (
			);
			runOnlyForDeploymentPostprocessing = 0;
		};
/* End PBXFrameworksBuildPhase section */

/* Begin PBXGroup section */
		A077FB49207920040081EA1E = {
			isa = PBXGroup;
			children = (
				A077FB54207920040081EA1E /* Rango */,
				A077FB53207920040081EA1E /* Products */,
			);
			sourceTree = "<group>";
		};
		A077FB53207920040081EA1E /* Products */ = {
			isa = PBXGroup;
			children = (
				A077FB52207920040081EA1E /* Rango.app */,
			);
			name = Products;
			sourceTree = "<group>";
		};
		A077FB54207920040081EA1E /* Rango */ = {
			isa = PBXGroup;
			children = (
				A077FB69207924890081EA1E /* ViewController */,
				A077FB55207920040081EA1E /* AppDelegate.swift */,
				A077FB59207920040081EA1E /* Main.storyboard */,
				A077FB5C207920050081EA1E /* Assets.xcassets */,
				A077FB5E207920050081EA1E /* LaunchScreen.storyboard */,
				A077FB61207920050081EA1E /* Info.plist */,
			);
			path = Rango;
			sourceTree = "<group>";
		};
		A077FB69207924890081EA1E /* ViewController */ = {
			isa = PBXGroup;
			children = (
				A077FB57207920040081EA1E /* LoginViewController.swift */,
				A077FB67207923BD0081EA1E /* HomeViewController.swift */,
				A077FB6A207924E80081EA1E /* CadastroViewController.swift */,
				A077FB6C20792AB70081EA1E /* QrViewController.swift */,
				A077FB6E20792AC90081EA1E /* FichaViewController.swift */,
				A077FB7020792ADC0081EA1E /* PerfilViewController.swift */,
				A077FB7220792AEA0081EA1E /* GastosViewController.swift */,
				A077FB7420792AFA0081EA1E /* CardapioViewController.swift */,
				A077FB7620792B030081EA1E /* PratoViewController.swift */,
			);
			path = ViewController;
			sourceTree = "<group>";
		};
/* End PBXGroup section */

/* Begin PBXNativeTarget section */
		A077FB51207920040081EA1E /* Rango */ = {
			isa = PBXNativeTarget;
			buildConfigurationList = A077FB64207920050081EA1E /* Build configuration list for PBXNativeTarget "Rango" */;
			buildPhases = (
				A077FB4E207920040081EA1E /* Sources */,
				A077FB4F207920040081EA1E /* Frameworks */,
				A077FB50207920040081EA1E /* Resources */,
			);
			buildRules = (
			);
			dependencies = (
			);
			name = Rango;
			productName = Rango;
			productReference = A077FB52207920040081EA1E /* Rango.app */;
			productType = "com.apple.product-type.application";
		};
/* End PBXNativeTarget section */

/* Begin PBXProject section */
		A077FB4A207920040081EA1E /* Project object */ = {
			isa = PBXProject;
			attributes = {
				LastSwiftUpdateCheck = 0930;
				LastUpgradeCheck = 0930;
				ORGANIZATIONNAME = "Lucas Rebelato";
				TargetAttributes = {
					A077FB51207920040081EA1E = {
						CreatedOnToolsVersion = 9.3;
					};
				};
			};
			buildConfigurationList = A077FB4D207920040081EA1E /* Build configuration list for PBXProject "Rango" */;
			compatibilityVersion = "Xcode 9.3";
			developmentRegion = en;
			hasScannedForEncodings = 0;
			knownRegions = (
				en,
				Base,
			);
			mainGroup = A077FB49207920040081EA1E;
			productRefGroup = A077FB53207920040081EA1E /* Products */;
			projectDirPath = "";
			projectRoot = "";
			targets = (
				A077FB51207920040081EA1E /* Rango */,
			);
		};
/* End PBXProject section */

/* Begin PBXResourcesBuildPhase section */
		A077FB50207920040081EA1E /* Resources */ = {
			isa = PBXResourcesBuildPhase;
			buildActionMask = 2147483647;
			files = (
				A077FB60207920050081EA1E /* LaunchScreen.storyboard in Resources */,
				A077FB5D207920050081EA1E /* Assets.xcassets in Resources */,
				A077FB5B207920040081EA1E /* Main.storyboard in Resources */,
			);
			runOnlyForDeploymentPostprocessing = 0;
		};
/* End PBXResourcesBuildPhase section */

/* Begin PBXSourcesBuildPhase section */
		A077FB4E207920040081EA1E /* Sources */ = {
			isa = PBXSourcesBuildPhase;
			buildActionMask = 2147483647;
			files = (
				A077FB58207920040081EA1E /* LoginViewController.swift in Sources */,
				A077FB6D20792AB80081EA1E /* QrViewController.swift in Sources */,
				A077FB56207920040081EA1E /* AppDelegate.swift in Sources */,
				A077FB7520792AFA0081EA1E /* CardapioViewController.swift in Sources */,
				A077FB68207923BD0081EA1E /* HomeViewController.swift in Sources */,
				A077FB6F20792AC90081EA1E /* FichaViewController.swift in Sources */,
				A077FB7320792AEA0081EA1E /* GastosViewController.swift in Sources */,
				A077FB7720792B030081EA1E /* PratoViewController.swift in Sources */,
				A077FB7120792ADC0081EA1E /* PerfilViewController.swift in Sources */,
				A077FB6B207924E80081EA1E /* CadastroViewController.swift in Sources */,
			);
			runOnlyForDeploymentPostprocessing = 0;
		};
/* End PBXSourcesBuildPhase section */

/* Begin PBXVariantGroup section */
		A077FB59207920040081EA1E /* Main.storyboard */ = {
			isa = PBXVariantGroup;
			children = (
				A077FB5A207920040081EA1E /* Base */,
			);
			name = Main.storyboard;
			sourceTree = "<group>";
		};
		A077FB5E207920050081EA1E /* LaunchScreen.storyboard */ = {
			isa = PBXVariantGroup;
			children = (
				A077FB5F207920050081EA1E /* Base */,
			);
			name = LaunchScreen.storyboard;
			sourceTree = "<group>";
		};
/* End PBXVariantGroup section */

/* Begin XCBuildConfiguration section */
		A077FB62207920050081EA1E /* Debug */ = {
			isa = XCBuildConfiguration;
			buildSettings = {
				ALWAYS_SEARCH_USER_PATHS = NO;
				CLANG_ANALYZER_NONNULL = YES;
				CLANG_ANALYZER_NUMBER_OBJECT_CONVERSION = YES_AGGRESSIVE;
				CLANG_CXX_LANGUAGE_STANDARD = "gnu++14";
				CLANG_CXX_LIBRARY = "libc++";
				CLANG_ENABLE_MODULES = YES;
				CLANG_ENABLE_OBJC_ARC = YES;
				CLANG_ENABLE_OBJC_WEAK = YES;
				CLANG_WARN_BLOCK_CAPTURE_AUTORELEASING = YES;
				CLANG_WARN_BOOL_CONVERSION = YES;
				CLANG_WARN_COMMA = YES;
				CLANG_WARN_CONSTANT_CONVERSION = YES;
				CLANG_WARN_DEPRECATED_OBJC_IMPLEMENTATIONS = YES;
				CLANG_WARN_DIRECT_OBJC_ISA_USAGE = YES_ERROR;
				CLANG_WARN_DOCUMENTATION_COMMENTS = YES;
				CLANG_WARN_EMPTY_BODY = YES;
				CLANG_WARN_ENUM_CONVERSION = YES;
				CLANG_WARN_INFINITE_RECURSION = YES;
				CLANG_WARN_INT_CONVERSION = YES;
				CLANG_WARN_NON_LITERAL_NULL_CONVERSION = YES;
				CLANG_WARN_OBJC_IMPLICIT_RETAIN_SELF = YES;
				CLANG_WARN_OBJC_LITERAL_CONVERSION = YES;
				CLANG_WARN_OBJC_ROOT_CLASS = YES_ERROR;
				CLANG_WARN_RANGE_LOOP_ANALYSIS = YES;
				CLANG_WARN_STRICT_PROTOTYPES = YES;
				CLANG_WARN_SUSPICIOUS_MOVE = YES;
				CLANG_WARN_UNGUARDED_AVAILABILITY = YES_AGGRESSIVE;
				CLANG_WARN_UNREACHABLE_CODE = YES;
				CLANG_WARN__DUPLICATE_METHOD_MATCH = YES;
				CODE_SIGN_IDENTITY = "iPhone Developer";
				COPY_PHASE_STRIP = NO;
				DEBUG_INFORMATION_FORMAT = dwarf;
				ENABLE_STRICT_OBJC_MSGSEND = YES;
				ENABLE_TESTABILITY = YES;
				GCC_C_LANGUAGE_STANDARD = gnu11;
				GCC_DYNAMIC_NO_PIC = NO;
				GCC_NO_COMMON_BLOCKS = YES;
				GCC_OPTIMIZATION_LEVEL = 0;
				GCC_PREPROCESSOR_DEFINITIONS = (
					"DEBUG=1",
					"$(inherited)",
				);
				GCC_WARN_64_TO_32_BIT_CONVERSION = YES;
				GCC_WARN_ABOUT_RETURN_TYPE = YES_ERROR;
				GCC_WARN_UNDECLARED_SELECTOR = YES;
				GCC_WARN_UNINITIALIZED_AUTOS = YES_AGGRESSIVE;
				GCC_WARN_UNUSED_FUNCTION = YES;
				GCC_WARN_UNUSED_VARIABLE = YES;
				IPHONEOS_DEPLOYMENT_TARGET = 11.3;
				MTL_ENABLE_DEBUG_INFO = YES;
				ONLY_ACTIVE_ARCH = YES;
				SDKROOT = iphoneos;
				SWIFT_ACTIVE_COMPILATION_CONDITIONS = DEBUG;
				SWIFT_OPTIMIZATION_LEVEL = "-Onone";
			};
			name = Debug;
		};
		A077FB63207920050081EA1E /* Release */ = {
			isa = XCBuildConfiguration;
			buildSettings = {
				ALWAYS_SEARCH_USER_PATHS = NO;
				CLANG_ANALYZER_NONNULL = YES;
				CLANG_ANALYZER_NUMBER_OBJECT_CONVERSION = YES_AGGRESSIVE;
				CLANG_CXX_LANGUAGE_STANDARD = "gnu++14";
				CLANG_CXX_LIBRARY = "libc++";
				CLANG_ENABLE_MODULES = YES;
				CLANG_ENABLE_OBJC_ARC = YES;
				CLANG_ENABLE_OBJC_WEAK = YES;
				CLANG_WARN_BLOCK_CAPTURE_AUTORELEASING = YES;
				CLANG_WARN_BOOL_CONVERSION = YES;
				CLANG_WARN_COMMA = YES;
				CLANG_WARN_CONSTANT_CONVERSION = YES;
				CLANG_WARN_DEPRECATED_OBJC_IMPLEMENTATIONS = YES;
				CLANG_WARN_DIRECT_OBJC_ISA_USAGE = YES_ERROR;
				CLANG_WARN_DOCUMENTATION_COMMENTS = YES;
				CLANG_WARN_EMPTY_BODY = YES;
				CLANG_WARN_ENUM_CONVERSION = YES;
				CLANG_WARN_INFINITE_RECURSION = YES;
				CLANG_WARN_INT_CONVERSION = YES;
				CLANG_WARN_NON_LITERAL_NULL_CONVERSION = YES;
				CLANG_WARN_OBJC_IMPLICIT_RETAIN_SELF = YES;
				CLANG_WARN_OBJC_LITERAL_CONVERSION = YES;
				CLANG_WARN_OBJC_ROOT_CLASS = YES_ERROR;
				CLANG_WARN_RANGE_LOOP_ANALYSIS = YES;
				CLANG_WARN_STRICT_PROTOTYPES = YES;
				CLANG_WARN_SUSPICIOUS_MOVE = YES;
				CLANG_WARN_UNGUARDED_AVAILABILITY = YES_AGGRESSIVE;
				CLANG_WARN_UNREACHABLE_CODE = YES;
				CLANG_WARN__DUPLICATE_METHOD_MATCH = YES;
				CODE_SIGN_IDENTITY = "iPhone Developer";
				COPY_PHASE_STRIP = NO;
				DEBUG_INFORMATION_FORMAT = "dwarf-with-dsym";
				ENABLE_NS_ASSERTIONS = NO;
				ENABLE_STRICT_OBJC_MSGSEND = YES;
				GCC_C_LANGUAGE_STANDARD = gnu11;
				GCC_NO_COMMON_BLOCKS = YES;
				GCC_WARN_64_TO_32_BIT_CONVERSION = YES;
				GCC_WARN_ABOUT_RETURN_TYPE = YES_ERROR;
				GCC_WARN_UNDECLARED_SELECTOR = YES;
				GCC_WARN_UNINITIALIZED_AUTOS = YES_AGGRESSIVE;
				GCC_WARN_UNUSED_FUNCTION = YES;
				GCC_WARN_UNUSED_VARIABLE = YES;
				IPHONEOS_DEPLOYMENT_TARGET = 11.3;
				MTL_ENABLE_DEBUG_INFO = NO;
				SDKROOT = iphoneos;
				SWIFT_COMPILATION_MODE = wholemodule;
				SWIFT_OPTIMIZATION_LEVEL = "-O";
				VALIDATE_PRODUCT = YES;
			};
			name = Release;
		};
		A077FB65207920050081EA1E /* Debug */ = {
			isa = XCBuildConfiguration;
			buildSettings = {
				ASSETCATALOG_COMPILER_APPICON_NAME = AppIcon;
				CODE_SIGN_STYLE = Automatic;
				DEVELOPMENT_TEAM = 33974MC9LS;
				INFOPLIST_FILE = Rango/Info.plist;
				LD_RUNPATH_SEARCH_PATHS = (
					"$(inherited)",
					"@executable_path/Frameworks",
				);
				PRODUCT_BUNDLE_IDENTIFIER = rebelatolucas.Rango;
				PRODUCT_NAME = "$(TARGET_NAME)";
				SWIFT_VERSION = 4.0;
				TARGETED_DEVICE_FAMILY = "1,2";
			};
			name = Debug;
		};
		A077FB66207920050081EA1E /* Release */ = {
			isa = XCBuildConfiguration;
			buildSettings = {
				ASSETCATALOG_COMPILER_APPICON_NAME = AppIcon;
				CODE_SIGN_STYLE = Automatic;
				DEVELOPMENT_TEAM = 33974MC9LS;
				INFOPLIST_FILE = Rango/Info.plist;
				LD_RUNPATH_SEARCH_PATHS = (
					"$(inherited)",
					"@executable_path/Frameworks",
				);
				PRODUCT_BUNDLE_IDENTIFIER = rebelatolucas.Rango;
				PRODUCT_NAME = "$(TARGET_NAME)";
				SWIFT_VERSION = 4.0;
				TARGETED_DEVICE_FAMILY = "1,2";
			};
			name = Release;
		};
/* End XCBuildConfiguration section */

/* Begin XCConfigurationList section */
		A077FB4D207920040081EA1E /* Build configuration list for PBXProject "Rango" */ = {
			isa = XCConfigurationList;
			buildConfigurations = (
				A077FB62207920050081EA1E /* Debug */,
				A077FB63207920050081EA1E /* Release */,
			);
			defaultConfigurationIsVisible = 0;
			defaultConfigurationName = Release;
		};
		A077FB64207920050081EA1E /* Build configuration list for PBXNativeTarget "Rango" */ = {
			isa = XCConfigurationList;
			buildConfigurations = (
				A077FB65207920050081EA1E /* Debug */,
				A077FB66207920050081EA1E /* Release */,
			);
			defaultConfigurationIsVisible = 0;
			defaultConfigurationName = Release;
		};
/* End XCConfigurationList section */
	};
	rootObject = A077FB4A207920040081EA1E /* Project object */;
}
